{
  "name": "argos",
  "version": "0.0.0",
  "lockfileVersion": 3,
  "requires": true,
  "packages": {
    "": {
      "name": "argos",
      "version": "0.0.0",
      "devDependencies": {
        "@alelouet/ai-delivery-engine": "^0.3.0"
      }
    },
    "node_modules/@alelouet/ai-delivery-engine": {
      "version": "0.3.0",
      "resolved": "https://registry.npmjs.org/@alelouet/ai-delivery-engine/-/ai-delivery-engine-0.3.0.tgz",
      "integrity": "sha512-ccgO6N7nAcQKm/6XY4VYa8WgXZnIGJMp5pdL1B2z29rsGnvlO2e4B1ip85WxQwjGCEUtKfz0S7IKgX3fH6kPAA==",
      "dev": true,
      "bin": {
        "ade": "src/cli.js"
      },
      "engines": {
        "node": ">=22"
      }
    }
  }
}
