{
  "name": "argos",
  "version": "0.0.0",
  "lockfileVersion": 3,
  "requires": true,
  "packages": {
    "": {
      "name": "argos",
      "version": "0.0.0",
      "devDependencies": {
        "@alelouet/ai-delivery-engine": "^0.1.0"
      }
    },
    "node_modules/@alelouet/ai-delivery-engine": {
      "version": "0.1.0",
      "resolved": "https://registry.npmjs.org/@alelouet/ai-delivery-engine/-/ai-delivery-engine-0.1.0.tgz",
      "integrity": "sha512-xJo8OcdghGI/aIY32ImBmkSshgHNvz3WlFZh+J4a9OwKNaLVGa6iQCZWd6tRJU6aFodMhVP+eZO/2uHrNA+nIA==",
      "dev": true,
      "bin": {
        "ade": "src/cli.js"
      },
      "engines": {
        "node": ">=22"
      }
    }
  }
}
